
Microsoft Visual Studio Solution File, Format Version 12.00
# Visual Studio Version 17
VisualStudioVersion = 17.5.002.0
MinimumVisualStudioVersion = 10.0.40219.1
Project("{9A19103F-16F7-4668-BE54-9A1E7A4F7556}") = "THDAPM", "THDAPM.csproj", "{675ADF29-515E-4B97-9830-291214815A1A}"
EndProject
Global
	GlobalSection(SolutionConfigurationPlatforms) = preSolution
		Debug|Any CPU = Debug|Any CPU
		Release|Any CPU = Release|Any CPU
	EndGlobalSection
	GlobalSection(ProjectConfigurationPlatforms) = postSolution
		{675ADF29-515E-4B97-9830-291214815A1A}.Debug|Any CPU.ActiveCfg = Debug|Any CPU
		{675ADF29-515E-4B97-9830-291214815A1A}.Debug|Any CPU.Build.0 = Debug|Any CPU
		{675ADF29-515E-4B97-9830-291214815A1A}.Release|Any CPU.ActiveCfg = Release|Any CPU
		{675ADF29-515E-4B97-9830-291214815A1A}.Release|Any CPU.Build.0 = Release|Any CPU
	EndGlobalSection
	GlobalSection(SolutionProperties) = preSolution
		HideSolutionNode = FALSE
	EndGlobalSection
	GlobalSection(ExtensibilityGlobals) = postSolution
		SolutionGuid = {A727520C-5FE3-4AC1-B09F-2718EDBA3142}
	EndGlobalSection
EndGlobal
